# THIS IS AN AUTOGENERATED FILE. DO NOT EDIT THIS FILE DIRECTLY.
# yarn lockfile v1


bootstrap@^5.2.2:
  version "5.2.2"
  resolved "https://registry.yarnpkg.com/bootstrap/-/bootstrap-5.2.2.tgz#834e053eed584a65e244d8aa112a6959f56e27a0"
  integrity sha512-dEtzMTV71n6Fhmbg4fYJzQsw1N29hJKO1js5ackCgIpDcGid2ETMGC6zwSYw09v05Y+oRdQ9loC54zB1La3hHQ==

vue@2.6.1:
  version "2.6.1"
  resolved "https://registry.yarnpkg.com/vue/-/vue-2.6.1.tgz#2167a19e6489ff8082388f7c5f5caf56a32ddba9"
  integrity sha512-ka6pgKZSa44+/11g+sD99Akajt0GceTnT8tagqLrQovXptgwaiLaEOHzMA/FLR07lGIfIR2UTHb69bTRBN71dA==
